
Microsoft Visual Studio Solution File, Format Version 12.00
# Visual Studio 15
VisualStudioVersion = 15.0.27130.2010
MinimumVisualStudioVersion = 10.0.40219.1
Project("{FAE04EC0-301F-11D3-BF4B-00C04F79EFBC}") = "MessengerBackend", "MessengerBackend\MessengerBackend.csproj", "{202A1E73-2AC7-4489-B8FB-A3C5CD72D09F}"
EndProject
Global
	GlobalSection(SolutionConfigurationPlatforms) = preSolution
		Debug|Any CPU = Debug|Any CPU
		Release|Any CPU = Release|Any CPU
	EndGlobalSection
	GlobalSection(ProjectConfigurationPlatforms) = postSolution
		{202A1E73-2AC7-4489-B8FB-A3C5CD72D09F}.Debug|Any CPU.ActiveCfg = Debug|Any CPU
		{202A1E73-2AC7-4489-B8FB-A3C5CD72D09F}.Debug|Any CPU.Build.0 = Debug|Any CPU
		{202A1E73-2AC7-4489-B8FB-A3C5CD72D09F}.Release|Any CPU.ActiveCfg = Release|Any CPU
		{202A1E73-2AC7-4489-B8FB-A3C5CD72D09F}.Release|Any CPU.Build.0 = Release|Any CPU
	EndGlobalSection
	GlobalSection(SolutionProperties) = preSolution
		HideSolutionNode = FALSE
	EndGlobalSection
	GlobalSection(ExtensibilityGlobals) = postSolution
		SolutionGuid = {6BEE8CFD-BB3E-4782-8362-8FC7B3E29346}
	EndGlobalSection
EndGlobal
